{
  "requires": true,
  "lockfileVersion": 1,
  "dependencies": {
    "vue-axios": {
      "version": "3.2.4",
      "resolved": "https://registry.npm.taobao.org/vue-axios/download/vue-axios-3.2.4.tgz?cache=0&sync_timestamp=1612148479218&other_urls=https%3A%2F%2Fregistry.npm.taobao.org%2Fvue-axios%2Fdownload%2Fvue-axios-3.2.4.tgz",
      "integrity": "sha1-IzQVjbisKg9gOqQxwmJvv212ZyQ="
    }
  }
}
